
Microsoft Visual Studio Solution File, Format Version 12.00
# Visual Studio 15
Project("{FAE04EC0-301F-11D3-BF4B-00C04F79EFBC}") = "UIKit", "UIKit.csproj", "{EA9566F6-0390-BCBC-75B4-B42656A8E9CB}"
EndProject
Project("{FAE04EC0-301F-11D3-BF4B-00C04F79EFBC}") = "ResKit", "ResKit.csproj", "{E6A69E93-7532-F112-FCCE-574CF09A578A}"
EndProject
Project("{FAE04EC0-301F-11D3-BF4B-00C04F79EFBC}") = "QFramework.CoreKit", "QFramework.CoreKit.csproj", "{DC070D54-7B0D-3A0C-CD7D-4979A62CBA18}"
EndProject
Project("{FAE04EC0-301F-11D3-BF4B-00C04F79EFBC}") = "SupportOldQF", "SupportOldQF.csproj", "{BC6F27BE-D60E-705D-C1E0-5FC651D205C6}"
EndProject
Project("{FAE04EC0-301F-11D3-BF4B-00C04F79EFBC}") = "UIKit.Editor", "UIKit.Editor.csproj", "{A8FC42EB-8D9E-9D74-B10F-ABE837893209}"
EndProject
Project("{FAE04EC0-301F-11D3-BF4B-00C04F79EFBC}") = "ResKit.Editor", "ResKit.Editor.csproj", "{278FE122-2A3A-D31B-1D9B-99E85BAFABA6}"
EndProject
Project("{FAE04EC0-301F-11D3-BF4B-00C04F79EFBC}") = "AudioKit", "AudioKit.csproj", "{1C2995A8-B5A4-9474-1BC2-F866DF60668E}"
EndProject
Project("{FAE04EC0-301F-11D3-BF4B-00C04F79EFBC}") = "Assembly-CSharp-Editor", "Assembly-CSharp-Editor.csproj", "{E8A91009-7186-A382-4FE4-3C21BA335F00}"
EndProject
Project("{FAE04EC0-301F-11D3-BF4B-00C04F79EFBC}") = "Assembly-CSharp", "Assembly-CSharp.csproj", "{32C3BDE6-E125-3128-82C1-25D0441455A3}"
EndProject
Project("{FAE04EC0-301F-11D3-BF4B-00C04F79EFBC}") = "QFramework", "QFramework.csproj", "{B778052F-7B46-F12B-6520-1F259DA35976}"
EndProject
Global
	GlobalSection(SolutionConfigurationPlatforms) = preSolution
		Debug|Any CPU = Debug|Any CPU
		Release|Any CPU = Release|Any CPU
	EndGlobalSection
	GlobalSection(ProjectConfigurationPlatforms) = postSolution
		{EA9566F6-0390-BCBC-75B4-B42656A8E9CB}.Debug|Any CPU.ActiveCfg = Debug|Any CPU
		{EA9566F6-0390-BCBC-75B4-B42656A8E9CB}.Debug|Any CPU.Build.0 = Debug|Any CPU
		{EA9566F6-0390-BCBC-75B4-B42656A8E9CB}.Release|Any CPU.ActiveCfg = Release|Any CPU
		{EA9566F6-0390-BCBC-75B4-B42656A8E9CB}.Release|Any CPU.Build.0 = Release|Any CPU
		{E6A69E93-7532-F112-FCCE-574CF09A578A}.Debug|Any CPU.ActiveCfg = Debug|Any CPU
		{E6A69E93-7532-F112-FCCE-574CF09A578A}.Debug|Any CPU.Build.0 = Debug|Any CPU
		{E6A69E93-7532-F112-FCCE-574CF09A578A}.Release|Any CPU.ActiveCfg = Release|Any CPU
		{E6A69E93-7532-F112-FCCE-574CF09A578A}.Release|Any CPU.Build.0 = Release|Any CPU
		{DC070D54-7B0D-3A0C-CD7D-4979A62CBA18}.Debug|Any CPU.ActiveCfg = Debug|Any CPU
		{DC070D54-7B0D-3A0C-CD7D-4979A62CBA18}.Debug|Any CPU.Build.0 = Debug|Any CPU
		{DC070D54-7B0D-3A0C-CD7D-4979A62CBA18}.Release|Any CPU.ActiveCfg = Release|Any CPU
		{DC070D54-7B0D-3A0C-CD7D-4979A62CBA18}.Release|Any CPU.Build.0 = Release|Any CPU
		{BC6F27BE-D60E-705D-C1E0-5FC651D205C6}.Debug|Any CPU.ActiveCfg = Debug|Any CPU
		{BC6F27BE-D60E-705D-C1E0-5FC651D205C6}.Debug|Any CPU.Build.0 = Debug|Any CPU
		{BC6F27BE-D60E-705D-C1E0-5FC651D205C6}.Release|Any CPU.ActiveCfg = Release|Any CPU
		{BC6F27BE-D60E-705D-C1E0-5FC651D205C6}.Release|Any CPU.Build.0 = Release|Any CPU
		{A8FC42EB-8D9E-9D74-B10F-ABE837893209}.Debug|Any CPU.ActiveCfg = Debug|Any CPU
		{A8FC42EB-8D9E-9D74-B10F-ABE837893209}.Debug|Any CPU.Build.0 = Debug|Any CPU
		{A8FC42EB-8D9E-9D74-B10F-ABE837893209}.Release|Any CPU.ActiveCfg = Release|Any CPU
		{A8FC42EB-8D9E-9D74-B10F-ABE837893209}.Release|Any CPU.Build.0 = Release|Any CPU
		{278FE122-2A3A-D31B-1D9B-99E85BAFABA6}.Debug|Any CPU.ActiveCfg = Debug|Any CPU
		{278FE122-2A3A-D31B-1D9B-99E85BAFABA6}.Debug|Any CPU.Build.0 = Debug|Any CPU
		{278FE122-2A3A-D31B-1D9B-99E85BAFABA6}.Release|Any CPU.ActiveCfg = Release|Any CPU
		{278FE122-2A3A-D31B-1D9B-99E85BAFABA6}.Release|Any CPU.Build.0 = Release|Any CPU
		{1C2995A8-B5A4-9474-1BC2-F866DF60668E}.Debug|Any CPU.ActiveCfg = Debug|Any CPU
		{1C2995A8-B5A4-9474-1BC2-F866DF60668E}.Debug|Any CPU.Build.0 = Debug|Any CPU
		{1C2995A8-B5A4-9474-1BC2-F866DF60668E}.Release|Any CPU.ActiveCfg = Release|Any CPU
		{1C2995A8-B5A4-9474-1BC2-F866DF60668E}.Release|Any CPU.Build.0 = Release|Any CPU
		{E8A91009-7186-A382-4FE4-3C21BA335F00}.Debug|Any CPU.ActiveCfg = Debug|Any CPU
		{E8A91009-7186-A382-4FE4-3C21BA335F00}.Debug|Any CPU.Build.0 = Debug|Any CPU
		{E8A91009-7186-A382-4FE4-3C21BA335F00}.Release|Any CPU.ActiveCfg = Release|Any CPU
		{E8A91009-7186-A382-4FE4-3C21BA335F00}.Release|Any CPU.Build.0 = Release|Any CPU
		{32C3BDE6-E125-3128-82C1-25D0441455A3}.Debug|Any CPU.ActiveCfg = Debug|Any CPU
		{32C3BDE6-E125-3128-82C1-25D0441455A3}.Debug|Any CPU.Build.0 = Debug|Any CPU
		{32C3BDE6-E125-3128-82C1-25D0441455A3}.Release|Any CPU.ActiveCfg = Release|Any CPU
		{32C3BDE6-E125-3128-82C1-25D0441455A3}.Release|Any CPU.Build.0 = Release|Any CPU
		{B778052F-7B46-F12B-6520-1F259DA35976}.Debug|Any CPU.ActiveCfg = Debug|Any CPU
		{B778052F-7B46-F12B-6520-1F259DA35976}.Debug|Any CPU.Build.0 = Debug|Any CPU
		{B778052F-7B46-F12B-6520-1F259DA35976}.Release|Any CPU.ActiveCfg = Release|Any CPU
		{B778052F-7B46-F12B-6520-1F259DA35976}.Release|Any CPU.Build.0 = Release|Any CPU
	EndGlobalSection
	GlobalSection(SolutionProperties) = preSolution
		HideSolutionNode = FALSE
	EndGlobalSection
EndGlobal
